Microsoft Visual Studio Solution File, Format Version 8.00
Project("{8BC9CEB8-8B4A-11D0-8D11-00A0C91BC942}") = "mapedit", "mapedit.vcproj", "{78C96E6A-0CD7-409F-8F23-308676581ABC}"
	ProjectSection(ProjectDependencies) = postProject
	EndProjectSection
EndProject
Global
	GlobalSection(SolutionConfiguration) = preSolution
		Debug = Debug
		Release = Release
	EndGlobalSection
	GlobalSection(ProjectConfiguration) = postSolution
		{78C96E6A-0CD7-409F-8F23-308676581ABC}.Debug.ActiveCfg = Debug|Win32
		{78C96E6A-0CD7-409F-8F23-308676581ABC}.Debug.Build.0 = Debug|Win32
		{78C96E6A-0CD7-409F-8F23-308676581ABC}.Release.ActiveCfg = Release|Win32
		{78C96E6A-0CD7-409F-8F23-308676581ABC}.Release.Build.0 = Release|Win32
	EndGlobalSection
	GlobalSection(ExtensibilityGlobals) = postSolution
	EndGlobalSection
	GlobalSection(ExtensibilityAddIns) = postSolution
	EndGlobalSection
EndGlobal
